<?xml version="1.0" encoding="utf-8"?>
<Project ToolsVersion="4.0" xmlns="http://schemas.microsoft.com/developer/msbuild/2003">
  <ItemGroup>
    <Filter Include="Source Files">
      <UniqueIdentifier>{4FC737F1-C7A5-4376-A066-2A32D752A2FF}</UniqueIdentifier>
      <Extensions>cpp;c;cc;cxx;c++;cppm;ixx;def;odl;idl;hpj;bat;asm;asmx</Extensions>
    </Filter>
    <Filter Include="Header Files">
      <UniqueIdentifier>{93995380-89BD-4b04-88EB-625FBE52EBFB}</UniqueIdentifier>
      <Extensions>h;hh;hpp;hxx;h++;hm;inl;inc;ipp;xsd</Extensions>
    </Filter>
    <Filter Include="Resource Files">
      <UniqueIdentifier>{67DA6AB6-F800-4c08-8B7A-83BB121AAD01}</UniqueIdentifier>
      <Extensions>rc;ico;cur;bmp;dlg;rc2;rct;bin;rgs;gif;jpg;jpeg;jpe;resx;tiff;tif;png;wav;mfcribbon-ms</Extensions>
    </Filter>
  </ItemGroup>
  <ItemGroup>
    <ClCompile Include="scr\Main.cpp">
      <Filter>Source Files</Filter>
    </ClCompile>
    <ClCompile Include="scr\Camera.cpp">
      <Filter>Source Files</Filter>
    </ClCompile>
    <ClCompile Include="scr\Color.cpp">
      <Filter>Source Files</Filter>
    </ClCompile>
    <ClCompile Include="scr\Input.cpp">
      <Filter>Source Files</Filter>
    </ClCompile>
    <ClCompile Include="scr\Scene.cpp">
      <Filter>Source Files</Filter>
    </ClCompile>
    <ClCompile Include="scr\ECS\Component\TransformComponent.cpp">
      <Filter>Source Files</Filter>
    </ClCompile>
    <ClCompile Include="scr\Window.cpp">
      <Filter>Source Files</Filter>
    </ClCompile>
    <ClCompile Include="scr\ECS\Component\RenderComponents\RenderComponent.cpp">
      <Filter>Source Files</Filter>
    </ClCompile>
    <ClCompile Include="scr\opengl\FrameBuffer.cpp">
      <Filter>Source Files</Filter>
    </ClCompile>
    <ClCompile Include="scr\opengl\Mesh\Mesh.cpp">
      <Filter>Source Files</Filter>
    </ClCompile>
    <ClCompile Include="scr\opengl\openglHelper.cpp">
      <Filter>Source Files</Filter>
    </ClCompile>
    <ClCompile Include="scr\opengl\Shader.cpp">
      <Filter>Source Files</Filter>
    </ClCompile>
    <ClCompile Include="scr\opengl\Texture.cpp">
      <Filter>Source Files</Filter>
    </ClCompile>
    <ClCompile Include="scr\ECS\Component\RenderComponents\MaterialComponent.cpp">
      <Filter>Source Files</Filter>
    </ClCompile>
    <ClCompile Include="scr\ECS\Component\RenderComponents\TileMapComponent.cpp">
      <Filter>Source Files</Filter>
    </ClCompile>
    <ClCompile Include="dependencies\base64\base64.cpp">
      <Filter>Source Files</Filter>
    </ClCompile>
    <ClCompile Include="scr\Resourse\TileSheet.cpp">
      <Filter>Source Files</Filter>
    </ClCompile>
    <ClCompile Include="scr\opengl\DebugRenderer.cpp">
      <Filter>Source Files</Filter>
    </ClCompile>
    <ClCompile Include="scr\ECS\Component\PhysicsBodyComponents\PhysicsBodyComponent.cpp">
      <Filter>Source Files</Filter>
    </ClCompile>
    <ClCompile Include="scr\ECS\Component\PhysicsBodyComponents\StaticBodyComponent.cpp">
      <Filter>Source Files</Filter>
    </ClCompile>
    <ClCompile Include="scr\ECS\Component\PhysicsBodyComponents\TileMapCollisionBodyComponent.cpp">
      <Filter>Source Files</Filter>
    </ClCompile>
    <ClCompile Include="scr\Engine.cpp">
      <Filter>Source Files</Filter>
    </ClCompile>
    <ClCompile Include="scr\Physics\PhysicsWorld.cpp">
      <Filter>Source Files</Filter>
    </ClCompile>
    <ClCompile Include="scr\ECS\System\PhysicsSystem.cpp">
      <Filter>Source Files</Filter>
    </ClCompile>
    <ClCompile Include="scr\ECS\System\RenderSystem.cpp">
      <Filter>Source Files</Filter>
    </ClCompile>
    <ClCompile Include="scr\ECS\System\ScriptSystem.cpp">
      <Filter>Source Files</Filter>
    </ClCompile>
    <ClCompile Include="scr\ECS\System\AnimationSystem.cpp">
      <Filter>Source Files</Filter>
    </ClCompile>
    <ClCompile Include="scr\ResourcePool.cpp">
      <Filter>Source Files</Filter>
    </ClCompile>
    <ClCompile Include="scr\LUABindable.h">
      <Filter>Source Files</Filter>
    </ClCompile>
    <ClCompile Include="scr\ECS\Component\ScriptComponent.cpp">
      <Filter>Source Files</Filter>
    </ClCompile>
    <ClCompile Include="scr\ECS\Entity\Entity.cpp">
      <Filter>Source Files</Filter>
    </ClCompile>
    <ClCompile Include="scr\ECS\Registry.cpp">
      <Filter>Source Files</Filter>
    </ClCompile>
    <ClCompile Include="scr\ECS\EntityManager.cpp">
      <Filter>Source Files</Filter>
    </ClCompile>
    <ClCompile Include="scr\TimeHelper.cpp">
      <Filter>Source Files</Filter>
    </ClCompile>
    <ClCompile Include="scr\ECS\Component\SpriteAnimationComponent.cpp">
      <Filter>Source Files</Filter>
    </ClCompile>
    <ClCompile Include="scr\ECS\Component\CameraComponent.cpp">
      <Filter>Source Files</Filter>
    </ClCompile>
    <ClCompile Include="scr\ECS\System\CameraSystem.cpp">
      <Filter>Source Files</Filter>
    </ClCompile>
    <ClCompile Include="scr\Physics\ContactListener.cpp">
      <Filter>Source Files</Filter>
    </ClCompile>
  </ItemGroup>
  <ItemGroup>
    <None Include="res\shaders\sprite.frag" />
    <None Include="res\shaders\sprite.vert" />
    <None Include="res\shaders\pixelPerfect.frag" />
    <None Include="res\shaders\debug_ss.frag" />
    <None Include="res\shaders\debug_ss.vert" />
    <None Include="res\shaders\debug_ws.frag" />
    <None Include="res\shaders\debug_ws.vert" />
    <None Include="vcpkg.json" />
  </ItemGroup>
  <ItemGroup>
    <ClInclude Include="scr\Camera.h">
      <Filter>Header Files</Filter>
    </ClInclude>
    <ClInclude Include="scr\Color.h">
      <Filter>Header Files</Filter>
    </ClInclude>
    <ClInclude Include="scr\Event.h">
      <Filter>Header Files</Filter>
    </ClInclude>
    <ClInclude Include="scr\Input.h">
      <Filter>Header Files</Filter>
    </ClInclude>
    <ClInclude Include="scr\Scene.h">
      <Filter>Header Files</Filter>
    </ClInclude>
    <ClInclude Include="scr\ECS\Component\TransformComponent.h">
      <Filter>Header Files</Filter>
    </ClInclude>
    <ClInclude Include="scr\Window.h">
      <Filter>Header Files</Filter>
    </ClInclude>
    <ClInclude Include="scr\ECS\Component\RenderComponents\RenderComponent.h">
      <Filter>Header Files</Filter>
    </ClInclude>
    <ClInclude Include="scr\opengl\FrameBuffer.h">
      <Filter>Header Files</Filter>
    </ClInclude>
    <ClInclude Include="scr\opengl\Mesh\Mesh.h">
      <Filter>Header Files</Filter>
    </ClInclude>
    <ClInclude Include="scr\opengl\openglHelper.h">
      <Filter>Header Files</Filter>
    </ClInclude>
    <ClInclude Include="scr\opengl\Shader.h">
      <Filter>Header Files</Filter>
    </ClInclude>
    <ClInclude Include="scr\opengl\Texture.h">
      <Filter>Header Files</Filter>
    </ClInclude>
    <ClInclude Include="scr\ECS\Component\RenderComponents\MaterialComponent.h">
      <Filter>Header Files</Filter>
    </ClInclude>
    <ClInclude Include="scr\ECS\Component\RenderComponents\TileMapComponent.h">
      <Filter>Header Files</Filter>
    </ClInclude>
    <ClInclude Include="dependencies\base64\base64.h">
      <Filter>Header Files</Filter>
    </ClInclude>
    <ClInclude Include="scr\HelperFunctions.h">
      <Filter>Header Files</Filter>
    </ClInclude>
    <ClInclude Include="scr\Resourse\TileSheet.h">
      <Filter>Header Files</Filter>
    </ClInclude>
    <ClInclude Include="scr\opengl\DebugRenderer.h">
      <Filter>Header Files</Filter>
    </ClInclude>
    <ClInclude Include="scr\ECS\Component\PhysicsBodyComponents\PhysicsBodyComponent.h">
      <Filter>Header Files</Filter>
    </ClInclude>
    <ClInclude Include="scr\ECS\Component\PhysicsBodyComponents\StaticBodyComponent.h">
      <Filter>Header Files</Filter>
    </ClInclude>
    <ClInclude Include="scr\ECS\Component\PhysicsBodyComponents\TileMapCollisionBodyComponent.h">
      <Filter>Header Files</Filter>
    </ClInclude>
    <ClInclude Include="scr\Engine.h">
      <Filter>Header Files</Filter>
    </ClInclude>
    <ClInclude Include="scr\Physics\PhysicsWorld.h">
      <Filter>Header Files</Filter>
    </ClInclude>
    <ClInclude Include="scr\HenkelEngine.h">
      <Filter>Header Files</Filter>
    </ClInclude>
    <ClInclude Include="scr\ECS\System\PhysicsSystem.h">
      <Filter>Header Files</Filter>
    </ClInclude>
    <ClInclude Include="scr\ECS\System\RenderSystem.h">
      <Filter>Header Files</Filter>
    </ClInclude>
    <ClInclude Include="scr\ECS\System\ScriptSystem.h">
      <Filter>Header Files</Filter>
    </ClInclude>
    <ClInclude Include="scr\ECS\System\AnimationSystem.h">
      <Filter>Header Files</Filter>
    </ClInclude>
    <ClInclude Include="scr\ECS\Component\RenderComponents\SpriteComponent.h">
      <Filter>Header Files</Filter>
    </ClInclude>
    <ClInclude Include="scr\ResourcePool.h">
      <Filter>Header Files</Filter>
    </ClInclude>
    <ClInclude Include="scr\ECS\Component\ScriptComponent.h">
      <Filter>Header Files</Filter>
    </ClInclude>
    <ClInclude Include="scr\ECS\Entity\Entity.h">
      <Filter>Header Files</Filter>
    </ClInclude>
    <ClInclude Include="scr\ECS\Registry.h">
      <Filter>Header Files</Filter>
    </ClInclude>
    <ClInclude Include="scr\ECS\EntityManager.h">
      <Filter>Header Files</Filter>
    </ClInclude>
    <ClInclude Include="scr\DebugGUIPanels\GUIPanels.h">
      <Filter>Header Files</Filter>
    </ClInclude>
    <ClInclude Include="scr\TimeHelper.h">
      <Filter>Header Files</Filter>
    </ClInclude>
    <ClInclude Include="scr\ECS\Component\SpriteAnimationComponent.h">
      <Filter>Header Files</Filter>
    </ClInclude>
    <ClInclude Include="scr\ECS\Component\CameraComponent.h">
      <Filter>Header Files</Filter>
    </ClInclude>
    <ClInclude Include="scr\ECS\System\CameraSystem.h">
      <Filter>Header Files</Filter>
    </ClInclude>
    <ClInclude Include="scr\DebugGUIPanels\ImGuiHelper.h">
      <Filter>Header Files</Filter>
    </ClInclude>
    <ClInclude Include="scr\Physics\ContactListener.h">
      <Filter>Header Files</Filter>
    </ClInclude>
  </ItemGroup>
</Project>